{
  "lock_schema": "schema-input-lock/v1",
  "schema_set_id": "platform-schema-set/v1",
  "schema_entries": [
    {
      "schema_id": "common/v1",
      "schema_version": "v1",
      "source_path": "schemas/common/v1/common.schema.json",
      "source_digest": "sha256:138bff53c12ac00e749dc6cae65f148c5903f83943c882fd4bff24c0aa7ee623",
      "reference_digests": [
        {
          "reference_path": "schemas/common/v1/common.schema.json",
          "digest": "sha256:138bff53c12ac00e749dc6cae65f148c5903f83943c882fd4bff24c0aa7ee623"
        }
      ]
    },
    {
      "schema_id": "vocabularies/v1",
      "schema_version": "v1",
      "source_path": "schemas/common/v1/vocabularies.schema.json",
      "source_digest": "sha256:37bb231134f8a3bdfcc03b671a0449a34022d298984f2c1988e76d00c98e709f",
      "reference_digests": []
    },
    {
      "schema_id": "signed-document/v1",
      "schema_version": "v1",
      "source_path": "schemas/signed-document/v1/signed-document.schema.json",
      "source_digest": "sha256:767f4d27a99ab38558ceabf3517190afab1586abb49f0cb8b13635588fcafea6",
      "reference_digests": [
        {
          "reference_path": "schemas/common/v1/common.schema.json",
          "digest": "sha256:138bff53c12ac00e749dc6cae65f148c5903f83943c882fd4bff24c0aa7ee623"
        },
        {
          "reference_path": "schemas/signed-document/v1/signed-document.schema.json",
          "digest": "sha256:767f4d27a99ab38558ceabf3517190afab1586abb49f0cb8b13635588fcafea6"
        }
      ]
    },
    {
      "schema_id": "board-registry/v1",
      "schema_version": "v1",
      "source_path": "schemas/board-registry/v1/board-registry.schema.json",
      "source_digest": "sha256:1120dce7e16dc3b31c224fb36250a631647d4a1e9ec67fe7af1d2d409c475b9b",
      "reference_digests": [
        {
          "reference_path": "schemas/board-registry/v1/board-registry.schema.json",
          "digest": "sha256:1120dce7e16dc3b31c224fb36250a631647d4a1e9ec67fe7af1d2d409c475b9b"
        },
        {
          "reference_path": "schemas/common/v1/common.schema.json",
          "digest": "sha256:138bff53c12ac00e749dc6cae65f148c5903f83943c882fd4bff24c0aa7ee623"
        }
      ]
    },
    {
      "schema_id": "platform-manifest/v1",
      "schema_version": "v1",
      "source_path": "schemas/platform-manifest/v1/platform-manifest.schema.json",
      "source_digest": "sha256:8434faff72b187ce0f18f63cc4c63c01acee0669024643fd4532e1f3885f8a42",
      "reference_digests": [
        {
          "reference_path": "schemas/common/v1/common.schema.json",
          "digest": "sha256:138bff53c12ac00e749dc6cae65f148c5903f83943c882fd4bff24c0aa7ee623"
        },
        {
          "reference_path": "schemas/platform-manifest/v1/platform-manifest.schema.json",
          "digest": "sha256:8434faff72b187ce0f18f63cc4c63c01acee0669024643fd4532e1f3885f8a42"
        }
      ]
    },
    {
      "schema_id": "installer-plan/v1",
      "schema_version": "v1",
      "source_path": "schemas/installer-plan/v1/installer-plan.schema.json",
      "source_digest": "sha256:3554d447c8e20b0e51bd46aeff8d264defd10804e04b867f9d48d7fa7c3036de",
      "reference_digests": [
        {
          "reference_path": "schemas/common/v1/common.schema.json",
          "digest": "sha256:138bff53c12ac00e749dc6cae65f148c5903f83943c882fd4bff24c0aa7ee623"
        },
        {
          "reference_path": "schemas/installer-plan/v1/installer-plan.schema.json",
          "digest": "sha256:3554d447c8e20b0e51bd46aeff8d264defd10804e04b867f9d48d7fa7c3036de"
        }
      ]
    },
    {
      "schema_id": "qualification-record/v1",
      "schema_version": "v1",
      "source_path": "schemas/qualification-record/v1/qualification-record.schema.json",
      "source_digest": "sha256:867c16ce9d288d64ae198b43e0bc69cc8c7b1962f8e04f8717eede7615632652",
      "reference_digests": [
        {
          "reference_path": "schemas/common/v1/common.schema.json",
          "digest": "sha256:138bff53c12ac00e749dc6cae65f148c5903f83943c882fd4bff24c0aa7ee623"
        },
        {
          "reference_path": "schemas/qualification-record/v1/qualification-record.schema.json",
          "digest": "sha256:867c16ce9d288d64ae198b43e0bc69cc8c7b1962f8e04f8717eede7615632652"
        }
      ]
    },
    {
      "schema_id": "boot-health/v1",
      "schema_version": "v1",
      "source_path": "schemas/boot-health/v1/boot-health.schema.json",
      "source_digest": "sha256:2b13e58bbc1b0a827ffcedfb447687deb4f62d675cb8279d834e08df6e7e5915",
      "reference_digests": [
        {
          "reference_path": "schemas/boot-health/v1/boot-health.schema.json",
          "digest": "sha256:2b13e58bbc1b0a827ffcedfb447687deb4f62d675cb8279d834e08df6e7e5915"
        },
        {
          "reference_path": "schemas/common/v1/common.schema.json",
          "digest": "sha256:138bff53c12ac00e749dc6cae65f148c5903f83943c882fd4bff24c0aa7ee623"
        }
      ]
    },
    {
      "schema_id": "owner-approval/v1",
      "schema_version": "v1",
      "source_path": "schemas/owner-approval/v1/owner-approval.schema.json",
      "source_digest": "sha256:9bf4b95f2b131c17cb5df710099ccfb8682715000769885f003f6f8e04a05364",
      "reference_digests": [
        {
          "reference_path": "schemas/common/v1/common.schema.json",
          "digest": "sha256:138bff53c12ac00e749dc6cae65f148c5903f83943c882fd4bff24c0aa7ee623"
        }
      ]
    },
    {
      "schema_id": "boot-success-mark/v1",
      "schema_version": "v1",
      "source_path": "schemas/boot-success-mark/v1/boot-success-mark.schema.json",
      "source_digest": "sha256:fd8df247cefd2477505a54813470c080eaef78a4c13582f1a89040a52356f42f",
      "reference_digests": [
        {
          "reference_path": "schemas/common/v1/common.schema.json",
          "digest": "sha256:138bff53c12ac00e749dc6cae65f148c5903f83943c882fd4bff24c0aa7ee623"
        }
      ]
    },
    {
      "schema_id": "dtb-mutation-envelope/v1",
      "schema_version": "v1",
      "source_path": "schemas/dtb-mutation-envelope/v1/dtb-mutation-envelope.schema.json",
      "source_digest": "sha256:819507c78322c4bbbcdabb4fbb2eb4a2b1560fcaf255e77ffd3bda231b4b534e",
      "reference_digests": [
        {
          "reference_path": "schemas/common/v1/common.schema.json",
          "digest": "sha256:138bff53c12ac00e749dc6cae65f148c5903f83943c882fd4bff24c0aa7ee623"
        }
      ]
    }
  ],
  "vocabulary": {
    "vocabulary_id": "authenticated-payload-vocabulary/v1",
    "vocabulary_digest": "sha256:d1767617afc35f15f50cd1a79963f074f4788aef651a4dbb9c2346a1f355b3f9",
    "payload_types": [
      "board-registry/v1",
      "platform-manifest/v1",
      "installer-plan/v1",
      "qualification-record/v1",
      "boot-health/v1",
      "owner-approval/v1",
      "boot-success-mark/v1",
      "dtb-mutation-envelope/v1"
    ],
    "primary_types": [
      "board-registry/v1",
      "platform-manifest/v1",
      "installer-plan/v1",
      "qualification-record/v1",
      "boot-health/v1"
    ],
    "auxiliary_types": [
      "owner-approval/v1",
      "boot-success-mark/v1",
      "dtb-mutation-envelope/v1"
    ]
  },
  "canonicalization": {
    "standard": "RFC8785",
    "implementation_id": "omarchy-jcs/v1",
    "implementation_version": "1.0.0",
    "implementation_source_digest": "sha256:3e19c54604b269e2480f4c6bc5f2c67b894e2194bcc61bbc0a48f13086c70abe",
    "number_policy": "reject-negative-zero-and-nonfinite/v1"
  },
  "limits": {
    "max_input_bytes": 1048576,
    "max_depth": 32,
    "max_object_properties": 128,
    "max_array_length": 1024,
    "max_string_bytes": 4096,
    "max_total_string_bytes": 262144,
    "max_integer_magnitude": 9007199254740991,
    "complete_marker_max_bytes": 4096
  },
  "generator_inputs": [],
  "parser_inputs": [],
  "toolchain_inputs": []
}
