{
  "lock_schema": "schema-input-lock/v1",
  "schema_set_id": "platform-schema-set/v1",
  "schema_entries": [
    {
      "schema_id": "common/v1",
      "schema_version": "v1",
      "source_path": "schemas/common/v1/common.schema.json",
      "source_digest": "sha256:36befdb11abded9c03a5a8dda9fbed6fae82f17552fc8057d11eff62a5076029",
      "reference_digests": [
        {
          "reference_path": "schemas/common/v1/common.schema.json",
          "digest": "sha256:36befdb11abded9c03a5a8dda9fbed6fae82f17552fc8057d11eff62a5076029"
        }
      ]
    },
    {
      "schema_id": "vocabularies/v1",
      "schema_version": "v1",
      "source_path": "schemas/common/v1/vocabularies.schema.json",
      "source_digest": "sha256:37bb231134f8a3bdfcc03b671a0449a34022d298984f2c1988e76d00c98e709f",
      "reference_digests": []
    },
    {
      "schema_id": "signed-document/v1",
      "schema_version": "v1",
      "source_path": "schemas/signed-document/v1/signed-document.schema.json",
      "source_digest": "sha256:6687bdae0300c15a81dae212a790c370f22c368156c5603c1109e04a627fbf7a",
      "reference_digests": [
        {
          "reference_path": "schemas/common/v1/common.schema.json",
          "digest": "sha256:36befdb11abded9c03a5a8dda9fbed6fae82f17552fc8057d11eff62a5076029"
        },
        {
          "reference_path": "schemas/signed-document/v1/signed-document.schema.json",
          "digest": "sha256:6687bdae0300c15a81dae212a790c370f22c368156c5603c1109e04a627fbf7a"
        }
      ]
    },
    {
      "schema_id": "board-registry/v1",
      "schema_version": "v1",
      "source_path": "schemas/board-registry/v1/board-registry.schema.json",
      "source_digest": "sha256:be40b2f103a2563157ebf54c0aea9e48659b48a79ea2ea9d7bad17eb6daf6f35",
      "reference_digests": [
        {
          "reference_path": "schemas/board-registry/v1/board-registry.schema.json",
          "digest": "sha256:be40b2f103a2563157ebf54c0aea9e48659b48a79ea2ea9d7bad17eb6daf6f35"
        },
        {
          "reference_path": "schemas/common/v1/common.schema.json",
          "digest": "sha256:36befdb11abded9c03a5a8dda9fbed6fae82f17552fc8057d11eff62a5076029"
        }
      ]
    },
    {
      "schema_id": "platform-manifest/v1",
      "schema_version": "v1",
      "source_path": "schemas/platform-manifest/v1/platform-manifest.schema.json",
      "source_digest": "sha256:2bf732321c34adabc5ffcbe0a5dcd59ab0ede096854f97f8c0dcab919880d485",
      "reference_digests": [
        {
          "reference_path": "schemas/common/v1/common.schema.json",
          "digest": "sha256:36befdb11abded9c03a5a8dda9fbed6fae82f17552fc8057d11eff62a5076029"
        },
        {
          "reference_path": "schemas/platform-manifest/v1/platform-manifest.schema.json",
          "digest": "sha256:2bf732321c34adabc5ffcbe0a5dcd59ab0ede096854f97f8c0dcab919880d485"
        }
      ]
    },
    {
      "schema_id": "installer-plan/v1",
      "schema_version": "v1",
      "source_path": "schemas/installer-plan/v1/installer-plan.schema.json",
      "source_digest": "sha256:dc02d97059d1bba02404f7205a2d048022b3c9b188960767ebf1fec1532ef005",
      "reference_digests": [
        {
          "reference_path": "schemas/common/v1/common.schema.json",
          "digest": "sha256:36befdb11abded9c03a5a8dda9fbed6fae82f17552fc8057d11eff62a5076029"
        },
        {
          "reference_path": "schemas/installer-plan/v1/installer-plan.schema.json",
          "digest": "sha256:dc02d97059d1bba02404f7205a2d048022b3c9b188960767ebf1fec1532ef005"
        }
      ]
    },
    {
      "schema_id": "qualification-record/v1",
      "schema_version": "v1",
      "source_path": "schemas/qualification-record/v1/qualification-record.schema.json",
      "source_digest": "sha256:e11c365eef78007d889ced304cdd95c34ede55e1b1ab48b887cf7d487e22608d",
      "reference_digests": [
        {
          "reference_path": "schemas/common/v1/common.schema.json",
          "digest": "sha256:36befdb11abded9c03a5a8dda9fbed6fae82f17552fc8057d11eff62a5076029"
        },
        {
          "reference_path": "schemas/qualification-record/v1/qualification-record.schema.json",
          "digest": "sha256:e11c365eef78007d889ced304cdd95c34ede55e1b1ab48b887cf7d487e22608d"
        }
      ]
    },
    {
      "schema_id": "boot-health/v1",
      "schema_version": "v1",
      "source_path": "schemas/boot-health/v1/boot-health.schema.json",
      "source_digest": "sha256:731798d0bbb6872f5582f44fae3f5fff354f4b7c7ff8ac1cd87bd6af1c78dbce",
      "reference_digests": [
        {
          "reference_path": "schemas/boot-health/v1/boot-health.schema.json",
          "digest": "sha256:731798d0bbb6872f5582f44fae3f5fff354f4b7c7ff8ac1cd87bd6af1c78dbce"
        },
        {
          "reference_path": "schemas/common/v1/common.schema.json",
          "digest": "sha256:36befdb11abded9c03a5a8dda9fbed6fae82f17552fc8057d11eff62a5076029"
        }
      ]
    },
    {
      "schema_id": "owner-approval/v1",
      "schema_version": "v1",
      "source_path": "schemas/owner-approval/v1/owner-approval.schema.json",
      "source_digest": "sha256:d904407f5418f86aa6da154f916b65858db1cffe874d4d133e907cca2ea17821",
      "reference_digests": [
        {
          "reference_path": "schemas/common/v1/common.schema.json",
          "digest": "sha256:36befdb11abded9c03a5a8dda9fbed6fae82f17552fc8057d11eff62a5076029"
        }
      ]
    },
    {
      "schema_id": "boot-success-mark/v1",
      "schema_version": "v1",
      "source_path": "schemas/boot-success-mark/v1/boot-success-mark.schema.json",
      "source_digest": "sha256:8738cbe3efec7f0e05e7db2045d00cca9e14da7de9dbcfa117e3ddc632c68e28",
      "reference_digests": [
        {
          "reference_path": "schemas/common/v1/common.schema.json",
          "digest": "sha256:36befdb11abded9c03a5a8dda9fbed6fae82f17552fc8057d11eff62a5076029"
        }
      ]
    },
    {
      "schema_id": "dtb-mutation-envelope/v1",
      "schema_version": "v1",
      "source_path": "schemas/dtb-mutation-envelope/v1/dtb-mutation-envelope.schema.json",
      "source_digest": "sha256:11db27a4622f14ca13c12a760ec213c0acf2e08b041b983084ccf1d613264290",
      "reference_digests": [
        {
          "reference_path": "schemas/common/v1/common.schema.json",
          "digest": "sha256:36befdb11abded9c03a5a8dda9fbed6fae82f17552fc8057d11eff62a5076029"
        }
      ]
    }
  ],
  "vocabulary": {
    "vocabulary_id": "authenticated-payload-vocabulary/v1",
    "vocabulary_digest": "sha256:d1767617afc35f15f50cd1a79963f074f4788aef651a4dbb9c2346a1f355b3f9",
    "payload_types": [
      "board-registry/v1",
      "platform-manifest/v1",
      "installer-plan/v1",
      "qualification-record/v1",
      "boot-health/v1",
      "owner-approval/v1",
      "boot-success-mark/v1",
      "dtb-mutation-envelope/v1"
    ],
    "primary_types": [
      "board-registry/v1",
      "platform-manifest/v1",
      "installer-plan/v1",
      "qualification-record/v1",
      "boot-health/v1"
    ],
    "auxiliary_types": [
      "owner-approval/v1",
      "boot-success-mark/v1",
      "dtb-mutation-envelope/v1"
    ]
  },
  "canonicalization": {
    "standard": "RFC8785",
    "implementation_id": "omarchy-jcs/v1",
    "implementation_version": "1.0.0",
    "implementation_source_digest": "sha256:3e19c54604b269e2480f4c6bc5f2c67b894e2194bcc61bbc0a48f13086c70abe",
    "number_policy": "reject-negative-zero-and-nonfinite/v1"
  },
  "limits": {
    "max_input_bytes": 1048576,
    "max_depth": 32,
    "max_object_properties": 128,
    "max_array_length": 1024,
    "max_string_bytes": 4096,
    "max_total_string_bytes": 262144,
    "max_integer_magnitude": 9007199254740991,
    "complete_marker_max_bytes": 4096
  },
  "generator_inputs": [],
  "parser_inputs": [],
  "toolchain_inputs": []
}
